
Microsoft Visual Studio Solution File, Format Version 12.00
# Visual Studio Version 17
VisualStudioVersion = 17.2.32616.157
MinimumVisualStudioVersion = 10.0.40219.1
Project("{FAE04EC0-301F-11D3-BF4B-00C04F79EFBC}") = "SWiFT_GNC_Scorecard", "SWiFT_GNC_Scorecard\SWiFT_GNC_Scorecard.csproj", "{2CC38EFF-7630-410F-86F6-DC3BBCE81DE8}"
EndProject
Global
	GlobalSection(SolutionConfigurationPlatforms) = preSolution
		Debug|Any CPU = Debug|Any CPU
		Release|Any CPU = Release|Any CPU
	EndGlobalSection
	GlobalSection(ProjectConfigurationPlatforms) = postSolution
		{2CC38EFF-7630-410F-86F6-DC3BBCE81DE8}.Debug|Any CPU.ActiveCfg = Debug|Any CPU
		{2CC38EFF-7630-410F-86F6-DC3BBCE81DE8}.Debug|Any CPU.Build.0 = Debug|Any CPU
		{2CC38EFF-7630-410F-86F6-DC3BBCE81DE8}.Release|Any CPU.ActiveCfg = Release|Any CPU
		{2CC38EFF-7630-410F-86F6-DC3BBCE81DE8}.Release|Any CPU.Build.0 = Release|Any CPU
	EndGlobalSection
	GlobalSection(SolutionProperties) = preSolution
		HideSolutionNode = FALSE
	EndGlobalSection
	GlobalSection(ExtensibilityGlobals) = postSolution
		SolutionGuid = {3760AC90-F565-41A4-83C2-506C8C8C9AE9}
	EndGlobalSection
EndGlobal
